{
  "name": "postgres-server",
  "version": "1.0.0",
  "lockfileVersion": 3,
  "requires": true,
  "packages": {
    "": {
      "name": "postgres-server",
      "version": "1.0.0",
      "license": "MIT",
      "dependencies": {
        "pgmock": "file:../.."
      }
    },
    "../..": {
      "name": "pgmock",
      "version": "1.0.3",
      "license": "MIT",
      "devDependencies": {
        "@swc/core": "*",
        "@swc/jest": "*",
        "@types/jest": "*",
        "@types/node": "^20.12.2",
        "@types/pg": "*",
        "jest": "*",
        "pg": "*",
        "postgres": "^3.4.5",
        "rimraf": "^5.0.5",
        "tsup": "^8.0.2",
        "typescript": "^5.4.3"
      }
    },
    "node_modules/pgmock": {
      "resolved": "../..",
      "link": true
    }
  }
}
